
Microsoft Visual Studio Solution File, Format Version 12.00
# Visual Studio Version 17
VisualStudioVersion = 17.5.002.0
MinimumVisualStudioVersion = 10.0.40219.1
Project("{9A19103F-16F7-4668-BE54-9A1E7A4F7556}") = "com769", "com769.csproj", "{38C1E630-1EA4-4E20-A514-FAA2F857EB89}"
EndProject
Global
	GlobalSection(SolutionConfigurationPlatforms) = preSolution
		Debug|Any CPU = Debug|Any CPU
		Release|Any CPU = Release|Any CPU
	EndGlobalSection
	GlobalSection(ProjectConfigurationPlatforms) = postSolution
		{38C1E630-1EA4-4E20-A514-FAA2F857EB89}.Debug|Any CPU.ActiveCfg = Debug|Any CPU
		{38C1E630-1EA4-4E20-A514-FAA2F857EB89}.Debug|Any CPU.Build.0 = Debug|Any CPU
		{38C1E630-1EA4-4E20-A514-FAA2F857EB89}.Release|Any CPU.ActiveCfg = Release|Any CPU
		{38C1E630-1EA4-4E20-A514-FAA2F857EB89}.Release|Any CPU.Build.0 = Release|Any CPU
	EndGlobalSection
	GlobalSection(SolutionProperties) = preSolution
		HideSolutionNode = FALSE
	EndGlobalSection
	GlobalSection(ExtensibilityGlobals) = postSolution
		SolutionGuid = {FDA19ADF-52B6-490E-860F-EB93320C1C7B}
	EndGlobalSection
EndGlobal
